
Microsoft Visual Studio Solution File, Format Version 12.00
# Visual Studio Version 17
VisualStudioVersion = 17.4.33213.308
MinimumVisualStudioVersion = 10.0.40219.1
Project("{FAE04EC0-301F-11D3-BF4B-00C04F79EFBC}") = "MohammadpourRepository1", "MohammadpourRepository1\MohammadpourRepository1.csproj", "{7C88D958-88F9-48F6-B57B-1C6223BD5D1B}"
EndProject
Global
	GlobalSection(SolutionConfigurationPlatforms) = preSolution
		Debug|Any CPU = Debug|Any CPU
		Release|Any CPU = Release|Any CPU
	EndGlobalSection
	GlobalSection(ProjectConfigurationPlatforms) = postSolution
		{7C88D958-88F9-48F6-B57B-1C6223BD5D1B}.Debug|Any CPU.ActiveCfg = Debug|Any CPU
		{7C88D958-88F9-48F6-B57B-1C6223BD5D1B}.Debug|Any CPU.Build.0 = Debug|Any CPU
		{7C88D958-88F9-48F6-B57B-1C6223BD5D1B}.Release|Any CPU.ActiveCfg = Release|Any CPU
		{7C88D958-88F9-48F6-B57B-1C6223BD5D1B}.Release|Any CPU.Build.0 = Release|Any CPU
	EndGlobalSection
	GlobalSection(SolutionProperties) = preSolution
		HideSolutionNode = FALSE
	EndGlobalSection
	GlobalSection(ExtensibilityGlobals) = postSolution
		SolutionGuid = {6C14FA71-924B-4026-8B3C-85DE101EC7CC}
	EndGlobalSection
EndGlobal
